// !$*UTF8*$!
{
	archiveVersion = 1;
	classes = {
	};
	objectVersion = 50;
	objects = {

/* Begin PBXBuildFile section */
		4D77430A213D87B9000B0229 /* AppDelegate.swift in Sources */ = {isa = PBXBuildFile; fileRef = 4D774309213D87B9000B0229 /* AppDelegate.swift */; };
		4D77430C213D87B9000B0229 /* ListViewController.swift in Sources */ = {isa = PBXBuildFile; fileRef = 4D77430B213D87B9000B0229 /* ListViewController.swift */; };
		4D77430F213D87B9000B0229 /* Main.storyboard in Resources */ = {isa = PBXBuildFile; fileRef = 4D77430D213D87B9000B0229 /* Main.storyboard */; };
		4D774312213D87B9000B0229 /* SearchAndFilter.xcdatamodeld in Sources */ = {isa = PBXBuildFile; fileRef = 4D774310213D87B9000B0229 /* SearchAndFilter.xcdatamodeld */; };
		4D774314213D87BC000B0229 /* Assets.xcassets in Resources */ = {isa = PBXBuildFile; fileRef = 4D774313213D87BC000B0229 /* Assets.xcassets */; };
		4D774317213D87BC000B0229 /* LaunchScreen.storyboard in Resources */ = {isa = PBXBuildFile; fileRef = 4D774315213D87BC000B0229 /* LaunchScreen.storyboard */; };
		4DA0641E213EC62E0096EAB8 /* ProductCell.swift in Sources */ = {isa = PBXBuildFile; fileRef = 4DA0641D213EC62E0096EAB8 /* ProductCell.swift */; };
		4DA06421213EC6D70096EAB8 /* ProductConnectionManager.swift in Sources */ = {isa = PBXBuildFile; fileRef = 4DA06420213EC6D70096EAB8 /* ProductConnectionManager.swift */; };
		4DA06424213ED62E0096EAB8 /* ProductModel.swift in Sources */ = {isa = PBXBuildFile; fileRef = 4DA06423213ED62E0096EAB8 /* ProductModel.swift */; };
		4DA06426213EF0E60096EAB8 /* ProductConnectionManagerDelegate.swift in Sources */ = {isa = PBXBuildFile; fileRef = 4DA06425213EF0E60096EAB8 /* ProductConnectionManagerDelegate.swift */; };
		4DA0642B213F063C0096EAB8 /* FilterViewController.swift in Sources */ = {isa = PBXBuildFile; fileRef = 4DA0642A213F063C0096EAB8 /* FilterViewController.swift */; };
		4DE9341021402D2100099D89 /* ShopTableViewCell.swift in Sources */ = {isa = PBXBuildFile; fileRef = 4DE9340E21402D2100099D89 /* ShopTableViewCell.swift */; };
		4DE9341121402D2100099D89 /* ShopTableViewCell.xib in Resources */ = {isa = PBXBuildFile; fileRef = 4DE9340F21402D2100099D89 /* ShopTableViewCell.xib */; };
		4DE93413214030D600099D89 /* ShopTableViewCellDelegate.swift in Sources */ = {isa = PBXBuildFile; fileRef = 4DE93412214030D600099D89 /* ShopTableViewCellDelegate.swift */; };
		4DE934152140338D00099D89 /* ShopViewController.swift in Sources */ = {isa = PBXBuildFile; fileRef = 4DE934142140338D00099D89 /* ShopViewController.swift */; };
		4DE934172140428900099D89 /* ShopViewControllerDelegate.swift in Sources */ = {isa = PBXBuildFile; fileRef = 4DE934162140428900099D89 /* ShopViewControllerDelegate.swift */; };
		4DE934192140478000099D89 /* ShopTypeCell.swift in Sources */ = {isa = PBXBuildFile; fileRef = 4DE934182140478000099D89 /* ShopTypeCell.swift */; };
		4DE9341B21404C2B00099D89 /* ShopTypeDelegate.swift in Sources */ = {isa = PBXBuildFile; fileRef = 4DE9341A21404C2B00099D89 /* ShopTypeDelegate.swift */; };
		4DE9341D21404FAD00099D89 /* FilterModel.swift in Sources */ = {isa = PBXBuildFile; fileRef = 4DE9341C21404FAD00099D89 /* FilterModel.swift */; };
		4DE9341F214053EF00099D89 /* FilterViewControllerDelegate.swift in Sources */ = {isa = PBXBuildFile; fileRef = 4DE9341E214053EF00099D89 /* FilterViewControllerDelegate.swift */; };
		B019C2D3E4A0CC4514088E90 /* Pods_SearchAndFilter.framework in Frameworks */ = {isa = PBXBuildFile; fileRef = AB413B0A3B027E5EB002401F /* Pods_SearchAndFilter.framework */; };
/* End PBXBuildFile section */

/* Begin PBXFileReference section */
		4D774306213D87B9000B0229 /* SearchAndFilter.app */ = {isa = PBXFileReference; explicitFileType = wrapper.application; includeInIndex = 0; path = SearchAndFilter.app; sourceTree = BUILT_PRODUCTS_DIR; };
		4D774309213D87B9000B0229 /* AppDelegate.swift */ = {isa = PBXFileReference; lastKnownFileType = sourcecode.swift; path = AppDelegate.swift; sourceTree = "<group>"; };
		4D77430B213D87B9000B0229 /* ListViewController.swift */ = {isa = PBXFileReference; lastKnownFileType = sourcecode.swift; path = ListViewController.swift; sourceTree = "<group>"; };
		4D77430E213D87B9000B0229 /* Base */ = {isa = PBXFileReference; lastKnownFileType = file.storyboard; name = Base; path = Base.lproj/Main.storyboard; sourceTree = "<group>"; };
		4D774311213D87B9000B0229 /* SearchAndFilter.xcdatamodel */ = {isa = PBXFileReference; lastKnownFileType = wrapper.xcdatamodel; path = SearchAndFilter.xcdatamodel; sourceTree = "<group>"; };
		4D774313213D87BC000B0229 /* Assets.xcassets */ = {isa = PBXFileReference; lastKnownFileType = folder.assetcatalog; path = Assets.xcassets; sourceTree = "<group>"; };
		4D774316213D87BC000B0229 /* Base */ = {isa = PBXFileReference; lastKnownFileType = file.storyboard; name = Base; path = Base.lproj/LaunchScreen.storyboard; sourceTree = "<group>"; };
		4D774318213D87BC000B0229 /* Info.plist */ = {isa = PBXFileReference; lastKnownFileType = text.plist.xml; path = Info.plist; sourceTree = "<group>"; };
		4DA0641D213EC62E0096EAB8 /* ProductCell.swift */ = {isa = PBXFileReference; lastKnownFileType = sourcecode.swift; path = ProductCell.swift; sourceTree = "<group>"; };
		4DA06420213EC6D70096EAB8 /* ProductConnectionManager.swift */ = {isa = PBXFileReference; lastKnownFileType = sourcecode.swift; path = ProductConnectionManager.swift; sourceTree = "<group>"; };
		4DA06423213ED62E0096EAB8 /* ProductModel.swift */ = {isa = PBXFileReference; lastKnownFileType = sourcecode.swift; path = ProductModel.swift; sourceTree = "<group>"; };
		4DA06425213EF0E60096EAB8 /* ProductConnectionManagerDelegate.swift */ = {isa = PBXFileReference; lastKnownFileType = sourcecode.swift; path = ProductConnectionManagerDelegate.swift; sourceTree = "<group>"; };
		4DA0642A213F063C0096EAB8 /* FilterViewController.swift */ = {isa = PBXFileReference; lastKnownFileType = sourcecode.swift; path = FilterViewController.swift; sourceTree = "<group>"; };
		4DE9340E21402D2100099D89 /* ShopTableViewCell.swift */ = {isa = PBXFileReference; lastKnownFileType = sourcecode.swift; path = ShopTableViewCell.swift; sourceTree = "<group>"; };
		4DE9340F21402D2100099D89 /* ShopTableViewCell.xib */ = {isa = PBXFileReference; lastKnownFileType = file.xib; path = ShopTableViewCell.xib; sourceTree = "<group>"; };
		4DE93412214030D600099D89 /* ShopTableViewCellDelegate.swift */ = {isa = PBXFileReference; lastKnownFileType = sourcecode.swift; path = ShopTableViewCellDelegate.swift; sourceTree = "<group>"; };
		4DE934142140338D00099D89 /* ShopViewController.swift */ = {isa = PBXFileReference; lastKnownFileType = sourcecode.swift; path = ShopViewController.swift; sourceTree = "<group>"; };
		4DE934162140428900099D89 /* ShopViewControllerDelegate.swift */ = {isa = PBXFileReference; lastKnownFileType = sourcecode.swift; path = ShopViewControllerDelegate.swift; sourceTree = "<group>"; };
		4DE934182140478000099D89 /* ShopTypeCell.swift */ = {isa = PBXFileReference; lastKnownFileType = sourcecode.swift; path = ShopTypeCell.swift; sourceTree = "<group>"; };
		4DE9341A21404C2B00099D89 /* ShopTypeDelegate.swift */ = {isa = PBXFileReference; lastKnownFileType = sourcecode.swift; path = ShopTypeDelegate.swift; sourceTree = "<group>"; };
		4DE9341C21404FAD00099D89 /* FilterModel.swift */ = {isa = PBXFileReference; lastKnownFileType = sourcecode.swift; path = FilterModel.swift; sourceTree = "<group>"; };
		4DE9341E214053EF00099D89 /* FilterViewControllerDelegate.swift */ = {isa = PBXFileReference; lastKnownFileType = sourcecode.swift; path = FilterViewControllerDelegate.swift; sourceTree = "<group>"; };
		65F30FE3D033EBF008E38927 /* Pods-SearchAndFilter.debug.xcconfig */ = {isa = PBXFileReference; includeInIndex = 1; lastKnownFileType = text.xcconfig; name = "Pods-SearchAndFilter.debug.xcconfig"; path = "Pods/Target Support Files/Pods-SearchAndFilter/Pods-SearchAndFilter.debug.xcconfig"; sourceTree = "<group>"; };
		76D160FCBE84279CB9D8E99F /* Pods-SearchAndFilter.release.xcconfig */ = {isa = PBXFileReference; includeInIndex = 1; lastKnownFileType = text.xcconfig; name = "Pods-SearchAndFilter.release.xcconfig"; path = "Pods/Target Support Files/Pods-SearchAndFilter/Pods-SearchAndFilter.release.xcconfig"; sourceTree = "<group>"; };
		AB413B0A3B027E5EB002401F /* Pods_SearchAndFilter.framework */ = {isa = PBXFileReference; explicitFileType = wrapper.framework; includeInIndex = 0; path = Pods_SearchAndFilter.framework; sourceTree = BUILT_PRODUCTS_DIR; };
/* End PBXFileReference section */

/* Begin PBXFrameworksBuildPhase section */
		4D774303213D87B9000B0229 /* Frameworks */ = {
			isa = PBXFrameworksBuildPhase;
			buildActionMask = 2147483647;
			files = (
				B019C2D3E4A0CC4514088E90 /* Pods_SearchAndFilter.framework in Frameworks */,
			);
			runOnlyForDeploymentPostprocessing = 0;
		};
/* End PBXFrameworksBuildPhase section */

/* Begin PBXGroup section */
		1BDD54ECF9CA572CE6B6FF7F /* Pods */ = {
			isa = PBXGroup;
			children = (
				65F30FE3D033EBF008E38927 /* Pods-SearchAndFilter.debug.xcconfig */,
				76D160FCBE84279CB9D8E99F /* Pods-SearchAndFilter.release.xcconfig */,
			);
			name = Pods;
			sourceTree = "<group>";
		};
		4D7742FD213D87B9000B0229 = {
			isa = PBXGroup;
			children = (
				4D774308213D87B9000B0229 /* SearchAndFilter */,
				4D774307213D87B9000B0229 /* Products */,
				1BDD54ECF9CA572CE6B6FF7F /* Pods */,
				51068786413526A6B7B298C3 /* Frameworks */,
			);
			sourceTree = "<group>";
		};
		4D774307213D87B9000B0229 /* Products */ = {
			isa = PBXGroup;
			children = (
				4D774306213D87B9000B0229 /* SearchAndFilter.app */,
			);
			name = Products;
			sourceTree = "<group>";
		};
		4D774308213D87B9000B0229 /* SearchAndFilter */ = {
			isa = PBXGroup;
			children = (
				4DA06422213ED60F0096EAB8 /* Model */,
				4DA0641F213EC6BD0096EAB8 /* Manager */,
				4DA0641C213EC6160096EAB8 /* Cell */,
				4D774309213D87B9000B0229 /* AppDelegate.swift */,
				4D77430B213D87B9000B0229 /* ListViewController.swift */,
				4DA0642A213F063C0096EAB8 /* FilterViewController.swift */,
				4DE9341E214053EF00099D89 /* FilterViewControllerDelegate.swift */,
				4DE934142140338D00099D89 /* ShopViewController.swift */,
				4DE934162140428900099D89 /* ShopViewControllerDelegate.swift */,
				4D77430D213D87B9000B0229 /* Main.storyboard */,
				4D774313213D87BC000B0229 /* Assets.xcassets */,
				4D774315213D87BC000B0229 /* LaunchScreen.storyboard */,
				4D774318213D87BC000B0229 /* Info.plist */,
				4D774310213D87B9000B0229 /* SearchAndFilter.xcdatamodeld */,
			);
			path = SearchAndFilter;
			sourceTree = "<group>";
		};
		4DA0641C213EC6160096EAB8 /* Cell */ = {
			isa = PBXGroup;
			children = (
				4DA0641D213EC62E0096EAB8 /* ProductCell.swift */,
				4DE9340E21402D2100099D89 /* ShopTableViewCell.swift */,
				4DE93412214030D600099D89 /* ShopTableViewCellDelegate.swift */,
				4DE9340F21402D2100099D89 /* ShopTableViewCell.xib */,
				4DE934182140478000099D89 /* ShopTypeCell.swift */,
				4DE9341A21404C2B00099D89 /* ShopTypeDelegate.swift */,
			);
			path = Cell;
			sourceTree = "<group>";
		};
		4DA0641F213EC6BD0096EAB8 /* Manager */ = {
			isa = PBXGroup;
			children = (
				4DA06420213EC6D70096EAB8 /* ProductConnectionManager.swift */,
				4DA06425213EF0E60096EAB8 /* ProductConnectionManagerDelegate.swift */,
			);
			path = Manager;
			sourceTree = "<group>";
		};
		4DA06422213ED60F0096EAB8 /* Model */ = {
			isa = PBXGroup;
			children = (
				4DA06423213ED62E0096EAB8 /* ProductModel.swift */,
				4DE9341C21404FAD00099D89 /* FilterModel.swift */,
			);
			path = Model;
			sourceTree = "<group>";
		};
		51068786413526A6B7B298C3 /* Frameworks */ = {
			isa = PBXGroup;
			children = (
				AB413B0A3B027E5EB002401F /* Pods_SearchAndFilter.framework */,
			);
			name = Frameworks;
			sourceTree = "<group>";
		};
/* End PBXGroup section */

/* Begin PBXNativeTarget section */
		4D774305213D87B9000B0229 /* SearchAndFilter */ = {
			isa = PBXNativeTarget;
			buildConfigurationList = 4D77431B213D87BD000B0229 /* Build configuration list for PBXNativeTarget "SearchAndFilter" */;
			buildPhases = (
				5442FF22529326E8D121BE5E /* [CP] Check Pods Manifest.lock */,
				4D774302213D87B9000B0229 /* Sources */,
				4D774303213D87B9000B0229 /* Frameworks */,
				4D774304213D87B9000B0229 /* Resources */,
				1DF1A0C45C2291A2B0044EB8 /* [CP] Embed Pods Frameworks */,
				BE6FC650E3642FB8F2466F46 /* [CP] Copy Pods Resources */,
			);
			buildRules = (
			);
			dependencies = (
			);
			name = SearchAndFilter;
			productName = SearchAndFilter;
			productReference = 4D774306213D87B9000B0229 /* SearchAndFilter.app */;
			productType = "com.apple.product-type.application";
		};
/* End PBXNativeTarget section */

/* Begin PBXProject section */
		4D7742FE213D87B9000B0229 /* Project object */ = {
			isa = PBXProject;
			attributes = {
				LastSwiftUpdateCheck = 0940;
				LastUpgradeCheck = 0940;
				ORGANIZATIONNAME = "Owen Cahyadi";
				TargetAttributes = {
					4D774305213D87B9000B0229 = {
						CreatedOnToolsVersion = 9.4.1;
					};
				};
			};
			buildConfigurationList = 4D774301213D87B9000B0229 /* Build configuration list for PBXProject "SearchAndFilter" */;
			compatibilityVersion = "Xcode 9.3";
			developmentRegion = en;
			hasScannedForEncodings = 0;
			knownRegions = (
				en,
				Base,
			);
			mainGroup = 4D7742FD213D87B9000B0229;
			productRefGroup = 4D774307213D87B9000B0229 /* Products */;
			projectDirPath = "";
			projectRoot = "";
			targets = (
				4D774305213D87B9000B0229 /* SearchAndFilter */,
			);
		};
/* End PBXProject section */

/* Begin PBXResourcesBuildPhase section */
		4D774304213D87B9000B0229 /* Resources */ = {
			isa = PBXResourcesBuildPhase;
			buildActionMask = 2147483647;
			files = (
				4D774317213D87BC000B0229 /* LaunchScreen.storyboard in Resources */,
				4D774314213D87BC000B0229 /* Assets.xcassets in Resources */,
				4D77430F213D87B9000B0229 /* Main.storyboard in Resources */,
				4DE9341121402D2100099D89 /* ShopTableViewCell.xib in Resources */,
			);
			runOnlyForDeploymentPostprocessing = 0;
		};
/* End PBXResourcesBuildPhase section */

/* Begin PBXShellScriptBuildPhase section */
		1DF1A0C45C2291A2B0044EB8 /* [CP] Embed Pods Frameworks */ = {
			isa = PBXShellScriptBuildPhase;
			buildActionMask = 2147483647;
			files = (
			);
			inputPaths = (
				"${SRCROOT}/Pods/Target Support Files/Pods-SearchAndFilter/Pods-SearchAndFilter-frameworks.sh",
				"${BUILT_PRODUCTS_DIR}/Alamofire/Alamofire.framework",
				"${BUILT_PRODUCTS_DIR}/MARKRangeSlider/MARKRangeSlider.framework",
				"${BUILT_PRODUCTS_DIR}/SDWebImage/SDWebImage.framework",
				"${BUILT_PRODUCTS_DIR}/SwiftyJSON/SwiftyJSON.framework",
			);
			name = "[CP] Embed Pods Frameworks";
			outputPaths = (
				"${TARGET_BUILD_DIR}/${FRAMEWORKS_FOLDER_PATH}/Alamofire.framework",
				"${TARGET_BUILD_DIR}/${FRAMEWORKS_FOLDER_PATH}/MARKRangeSlider.framework",
				"${TARGET_BUILD_DIR}/${FRAMEWORKS_FOLDER_PATH}/SDWebImage.framework",
				"${TARGET_BUILD_DIR}/${FRAMEWORKS_FOLDER_PATH}/SwiftyJSON.framework",
			);
			runOnlyForDeploymentPostprocessing = 0;
			shellPath = /bin/sh;
			shellScript = "\"${SRCROOT}/Pods/Target Support Files/Pods-SearchAndFilter/Pods-SearchAndFilter-frameworks.sh\"\n";
			showEnvVarsInLog = 0;
		};
		5442FF22529326E8D121BE5E /* [CP] Check Pods Manifest.lock */ = {
			isa = PBXShellScriptBuildPhase;
			buildActionMask = 2147483647;
			files = (
			);
			inputPaths = (
				"${PODS_PODFILE_DIR_PATH}/Podfile.lock",
				"${PODS_ROOT}/Manifest.lock",
			);
			name = "[CP] Check Pods Manifest.lock";
			outputPaths = (
				"$(DERIVED_FILE_DIR)/Pods-SearchAndFilter-checkManifestLockResult.txt",
			);
			runOnlyForDeploymentPostprocessing = 0;
			shellPath = /bin/sh;
			shellScript = "diff \"${PODS_PODFILE_DIR_PATH}/Podfile.lock\" \"${PODS_ROOT}/Manifest.lock\" > /dev/null\nif [ $? != 0 ] ; then\n    # print error to STDERR\n    echo \"error: The sandbox is not in sync with the Podfile.lock. Run 'pod install' or update your CocoaPods installation.\" >&2\n    exit 1\nfi\n# This output is used by Xcode 'outputs' to avoid re-running this script phase.\necho \"SUCCESS\" > \"${SCRIPT_OUTPUT_FILE_0}\"\n";
			showEnvVarsInLog = 0;
		};
		BE6FC650E3642FB8F2466F46 /* [CP] Copy Pods Resources */ = {
			isa = PBXShellScriptBuildPhase;
			buildActionMask = 2147483647;
			files = (
			);
			inputPaths = (
			);
			name = "[CP] Copy Pods Resources";
			outputPaths = (
			);
			runOnlyForDeploymentPostprocessing = 0;
			shellPath = /bin/sh;
			shellScript = "\"${SRCROOT}/Pods/Target Support Files/Pods-SearchAndFilter/Pods-SearchAndFilter-resources.sh\"\n";
			showEnvVarsInLog = 0;
		};
/* End PBXShellScriptBuildPhase section */

/* Begin PBXSourcesBuildPhase section */
		4D774302213D87B9000B0229 /* Sources */ = {
			isa = PBXSourcesBuildPhase;
			buildActionMask = 2147483647;
			files = (
				4DE9341D21404FAD00099D89 /* FilterModel.swift in Sources */,
				4DE9341F214053EF00099D89 /* FilterViewControllerDelegate.swift in Sources */,
				4DE934192140478000099D89 /* ShopTypeCell.swift in Sources */,
				4D77430C213D87B9000B0229 /* ListViewController.swift in Sources */,
				4DA06424213ED62E0096EAB8 /* ProductModel.swift in Sources */,
				4DE934152140338D00099D89 /* ShopViewController.swift in Sources */,
				4DE9341B21404C2B00099D89 /* ShopTypeDelegate.swift in Sources */,
				4DE93413214030D600099D89 /* ShopTableViewCellDelegate.swift in Sources */,
				4DA0642B213F063C0096EAB8 /* FilterViewController.swift in Sources */,
				4DA0641E213EC62E0096EAB8 /* ProductCell.swift in Sources */,
				4DE934172140428900099D89 /* ShopViewControllerDelegate.swift in Sources */,
				4D77430A213D87B9000B0229 /* AppDelegate.swift in Sources */,
				4DA06421213EC6D70096EAB8 /* ProductConnectionManager.swift in Sources */,
				4DE9341021402D2100099D89 /* ShopTableViewCell.swift in Sources */,
				4D774312213D87B9000B0229 /* SearchAndFilter.xcdatamodeld in Sources */,
				4DA06426213EF0E60096EAB8 /* ProductConnectionManagerDelegate.swift in Sources */,
			);
			runOnlyForDeploymentPostprocessing = 0;
		};
/* End PBXSourcesBuildPhase section */

/* Begin PBXVariantGroup section */
		4D77430D213D87B9000B0229 /* Main.storyboard */ = {
			isa = PBXVariantGroup;
			children = (
				4D77430E213D87B9000B0229 /* Base */,
			);
			name = Main.storyboard;
			sourceTree = "<group>";
		};
		4D774315213D87BC000B0229 /* LaunchScreen.storyboard */ = {
			isa = PBXVariantGroup;
			children = (
				4D774316213D87BC000B0229 /* Base */,
			);
			name = LaunchScreen.storyboard;
			sourceTree = "<group>";
		};
/* End PBXVariantGroup section */

/* Begin XCBuildConfiguration section */
		4D774319213D87BC000B0229 /* Debug */ = {
			isa = XCBuildConfiguration;
			buildSettings = {
				ALWAYS_SEARCH_USER_PATHS = NO;
				CLANG_ANALYZER_NONNULL = YES;
				CLANG_ANALYZER_NUMBER_OBJECT_CONVERSION = YES_AGGRESSIVE;
				CLANG_CXX_LANGUAGE_STANDARD = "gnu++14";
				CLANG_CXX_LIBRARY = "libc++";
				CLANG_ENABLE_MODULES = YES;
				CLANG_ENABLE_OBJC_ARC = YES;
				CLANG_ENABLE_OBJC_WEAK = YES;
				CLANG_WARN_BLOCK_CAPTURE_AUTORELEASING = YES;
				CLANG_WARN_BOOL_CONVERSION = YES;
				CLANG_WARN_COMMA = YES;
				CLANG_WARN_CONSTANT_CONVERSION = YES;
				CLANG_WARN_DEPRECATED_OBJC_IMPLEMENTATIONS = YES;
				CLANG_WARN_DIRECT_OBJC_ISA_USAGE = YES_ERROR;
				CLANG_WARN_DOCUMENTATION_COMMENTS = YES;
				CLANG_WARN_EMPTY_BODY = YES;
				CLANG_WARN_ENUM_CONVERSION = YES;
				CLANG_WARN_INFINITE_RECURSION = YES;
				CLANG_WARN_INT_CONVERSION = YES;
				CLANG_WARN_NON_LITERAL_NULL_CONVERSION = YES;
				CLANG_WARN_OBJC_IMPLICIT_RETAIN_SELF = YES;
				CLANG_WARN_OBJC_LITERAL_CONVERSION = YES;
				CLANG_WARN_OBJC_ROOT_CLASS = YES_ERROR;
				CLANG_WARN_RANGE_LOOP_ANALYSIS = YES;
				CLANG_WARN_STRICT_PROTOTYPES = YES;
				CLANG_WARN_SUSPICIOUS_MOVE = YES;
				CLANG_WARN_UNGUARDED_AVAILABILITY = YES_AGGRESSIVE;
				CLANG_WARN_UNREACHABLE_CODE = YES;
				CLANG_WARN__DUPLICATE_METHOD_MATCH = YES;
				CODE_SIGN_IDENTITY = "iPhone Developer";
				COPY_PHASE_STRIP = NO;
				DEBUG_INFORMATION_FORMAT = dwarf;
				ENABLE_STRICT_OBJC_MSGSEND = YES;
				ENABLE_TESTABILITY = YES;
				GCC_C_LANGUAGE_STANDARD = gnu11;
				GCC_DYNAMIC_NO_PIC = NO;
				GCC_NO_COMMON_BLOCKS = YES;
				GCC_OPTIMIZATION_LEVEL = 0;
				GCC_PREPROCESSOR_DEFINITIONS = (
					"DEBUG=1",
					"$(inherited)",
				);
				GCC_WARN_64_TO_32_BIT_CONVERSION = YES;
				GCC_WARN_ABOUT_RETURN_TYPE = YES_ERROR;
				GCC_WARN_UNDECLARED_SELECTOR = YES;
				GCC_WARN_UNINITIALIZED_AUTOS = YES_AGGRESSIVE;
				GCC_WARN_UNUSED_FUNCTION = YES;
				GCC_WARN_UNUSED_VARIABLE = YES;
				IPHONEOS_DEPLOYMENT_TARGET = 11.4;
				MTL_ENABLE_DEBUG_INFO = YES;
				ONLY_ACTIVE_ARCH = YES;
				SDKROOT = iphoneos;
				SWIFT_ACTIVE_COMPILATION_CONDITIONS = DEBUG;
				SWIFT_OPTIMIZATION_LEVEL = "-Onone";
			};
			name = Debug;
		};
		4D77431A213D87BC000B0229 /* Release */ = {
			isa = XCBuildConfiguration;
			buildSettings = {
				ALWAYS_SEARCH_USER_PATHS = NO;
				CLANG_ANALYZER_NONNULL = YES;
				CLANG_ANALYZER_NUMBER_OBJECT_CONVERSION = YES_AGGRESSIVE;
				CLANG_CXX_LANGUAGE_STANDARD = "gnu++14";
				CLANG_CXX_LIBRARY = "libc++";
				CLANG_ENABLE_MODULES = YES;
				CLANG_ENABLE_OBJC_ARC = YES;
				CLANG_ENABLE_OBJC_WEAK = YES;
				CLANG_WARN_BLOCK_CAPTURE_AUTORELEASING = YES;
				CLANG_WARN_BOOL_CONVERSION = YES;
				CLANG_WARN_COMMA = YES;
				CLANG_WARN_CONSTANT_CONVERSION = YES;
				CLANG_WARN_DEPRECATED_OBJC_IMPLEMENTATIONS = YES;
				CLANG_WARN_DIRECT_OBJC_ISA_USAGE = YES_ERROR;
				CLANG_WARN_DOCUMENTATION_COMMENTS = YES;
				CLANG_WARN_EMPTY_BODY = YES;
				CLANG_WARN_ENUM_CONVERSION = YES;
				CLANG_WARN_INFINITE_RECURSION = YES;
				CLANG_WARN_INT_CONVERSION = YES;
				CLANG_WARN_NON_LITERAL_NULL_CONVERSION = YES;
				CLANG_WARN_OBJC_IMPLICIT_RETAIN_SELF = YES;
				CLANG_WARN_OBJC_LITERAL_CONVERSION = YES;
				CLANG_WARN_OBJC_ROOT_CLASS = YES_ERROR;
				CLANG_WARN_RANGE_LOOP_ANALYSIS = YES;
				CLANG_WARN_STRICT_PROTOTYPES = YES;
				CLANG_WARN_SUSPICIOUS_MOVE = YES;
				CLANG_WARN_UNGUARDED_AVAILABILITY = YES_AGGRESSIVE;
				CLANG_WARN_UNREACHABLE_CODE = YES;
				CLANG_WARN__DUPLICATE_METHOD_MATCH = YES;
				CODE_SIGN_IDENTITY = "iPhone Developer";
				COPY_PHASE_STRIP = NO;
				DEBUG_INFORMATION_FORMAT = "dwarf-with-dsym";
				ENABLE_NS_ASSERTIONS = NO;
				ENABLE_STRICT_OBJC_MSGSEND = YES;
				GCC_C_LANGUAGE_STANDARD = gnu11;
				GCC_NO_COMMON_BLOCKS = YES;
				GCC_WARN_64_TO_32_BIT_CONVERSION = YES;
				GCC_WARN_ABOUT_RETURN_TYPE = YES_ERROR;
				GCC_WARN_UNDECLARED_SELECTOR = YES;
				GCC_WARN_UNINITIALIZED_AUTOS = YES_AGGRESSIVE;
				GCC_WARN_UNUSED_FUNCTION = YES;
				GCC_WARN_UNUSED_VARIABLE = YES;
				IPHONEOS_DEPLOYMENT_TARGET = 11.4;
				MTL_ENABLE_DEBUG_INFO = NO;
				SDKROOT = iphoneos;
				SWIFT_COMPILATION_MODE = wholemodule;
				SWIFT_OPTIMIZATION_LEVEL = "-O";
				VALIDATE_PRODUCT = YES;
			};
			name = Release;
		};
		4D77431C213D87BD000B0229 /* Debug */ = {
			isa = XCBuildConfiguration;
			baseConfigurationReference = 65F30FE3D033EBF008E38927 /* Pods-SearchAndFilter.debug.xcconfig */;
			buildSettings = {
				ASSETCATALOG_COMPILER_APPICON_NAME = AppIcon;
				CODE_SIGN_STYLE = Automatic;
				DEVELOPMENT_TEAM = 8B3U3L5BEK;
				INFOPLIST_FILE = SearchAndFilter/Info.plist;
				LD_RUNPATH_SEARCH_PATHS = (
					"$(inherited)",
					"@executable_path/Frameworks",
				);
				PRODUCT_BUNDLE_IDENTIFIER = osc.SearchAndFilter;
				PRODUCT_NAME = "$(TARGET_NAME)";
				SWIFT_VERSION = 4.0;
				TARGETED_DEVICE_FAMILY = "1,2";
			};
			name = Debug;
		};
		4D77431D213D87BD000B0229 /* Release */ = {
			isa = XCBuildConfiguration;
			baseConfigurationReference = 76D160FCBE84279CB9D8E99F /* Pods-SearchAndFilter.release.xcconfig */;
			buildSettings = {
				ASSETCATALOG_COMPILER_APPICON_NAME = AppIcon;
				CODE_SIGN_STYLE = Automatic;
				DEVELOPMENT_TEAM = 8B3U3L5BEK;
				INFOPLIST_FILE = SearchAndFilter/Info.plist;
				LD_RUNPATH_SEARCH_PATHS = (
					"$(inherited)",
					"@executable_path/Frameworks",
				);
				PRODUCT_BUNDLE_IDENTIFIER = osc.SearchAndFilter;
				PRODUCT_NAME = "$(TARGET_NAME)";
				SWIFT_VERSION = 4.0;
				TARGETED_DEVICE_FAMILY = "1,2";
			};
			name = Release;
		};
/* End XCBuildConfiguration section */

/* Begin XCConfigurationList section */
		4D774301213D87B9000B0229 /* Build configuration list for PBXProject "SearchAndFilter" */ = {
			isa = XCConfigurationList;
			buildConfigurations = (
				4D774319213D87BC000B0229 /* Debug */,
				4D77431A213D87BC000B0229 /* Release */,
			);
			defaultConfigurationIsVisible = 0;
			defaultConfigurationName = Release;
		};
		4D77431B213D87BD000B0229 /* Build configuration list for PBXNativeTarget "SearchAndFilter" */ = {
			isa = XCConfigurationList;
			buildConfigurations = (
				4D77431C213D87BD000B0229 /* Debug */,
				4D77431D213D87BD000B0229 /* Release */,
			);
			defaultConfigurationIsVisible = 0;
			defaultConfigurationName = Release;
		};
/* End XCConfigurationList section */

/* Begin XCVersionGroup section */
		4D774310213D87B9000B0229 /* SearchAndFilter.xcdatamodeld */ = {
			isa = XCVersionGroup;
			children = (
				4D774311213D87B9000B0229 /* SearchAndFilter.xcdatamodel */,
			);
			currentVersion = 4D774311213D87B9000B0229 /* SearchAndFilter.xcdatamodel */;
			path = SearchAndFilter.xcdatamodeld;
			sourceTree = "<group>";
			versionGroupType = wrapper.xcdatamodel;
		};
/* End XCVersionGroup section */
	};
	rootObject = 4D7742FE213D87B9000B0229 /* Project object */;
}
